{
  "generated": "2026-08-23T01:11:37.241027+00:00",
  "ivpm_lock_version": 2,
  "packages": {
    "rouge": {
      "branch": "pss",
      "cache": null,
      "commit_requested": null,
      "commit_resolved": "4f00ba1aa43478e0665f1bb022293aacc602fc23",
      "dep_set": "default-dev",
      "name": "rouge",
      "reproducible": true,
      "resolved_by": "root",
      "src": "git",
      "tag": null,
      "url": "https://github.com/mballance/rouge.git"
    }
  },
  "sha256": "9502a31f59e3e0459bb351493c5d616ada6ef0afd8ed719fff0e9ec600d53c9b"
}
