{
  "generated": "2026-06-08T23:40:22.725141+00:00",
  "ivpm_lock_version": 1,
  "packages": {
    "rouge": {
      "branch": "pss",
      "cache": null,
      "commit_requested": null,
      "commit_resolved": "4f00ba1aa43478e0665f1bb022293aacc602fc23",
      "dep_set": "default-dev",
      "reproducible": true,
      "resolved_by": "root",
      "src": "git",
      "tag": null,
      "url": "https://github.com/mballance/rouge.git"
    }
  },
  "sha256": "44da95794d01315a38887dc733a0bf5ca945d6bd0c870d6b59e6d713476446ad"
}
