{
  "generated": "2026-05-17T22:02:02.729990+00:00",
  "ivpm_lock_version": 1,
  "packages": {
    "rouge": {
      "branch": "pss",
      "cache": null,
      "commit_requested": null,
      "commit_resolved": "4f00ba1aa43478e0665f1bb022293aacc602fc23",
      "dep_set": "default-dev",
      "reproducible": true,
      "resolved_by": "root",
      "src": "git",
      "tag": null,
      "url": "https://github.com/mballance/rouge.git"
    }
  },
  "sha256": "5b0e76d579490c8a139fa051b5c59efc61ba0bbc042f360ecacfae9e01715d79"
}
